// !$*UTF8*$!
{
	archiveVersion = 1;
	classes = {
	};
	objectVersion = 50;
	objects = {

/* Begin PBXBuildFile section */
		F38FC09F213758ED00DC9396 /* AppDelegate.swift in Sources */ = {isa = PBXBuildFile; fileRef = F38FC09E213758ED00DC9396 /* AppDelegate.swift */; };
		F38FC0A1213758ED00DC9396 /* BookViewController.swift in Sources */ = {isa = PBXBuildFile; fileRef = F38FC0A0213758ED00DC9396 /* BookViewController.swift */; };
		F38FC0A4213758ED00DC9396 /* Main.storyboard in Resources */ = {isa = PBXBuildFile; fileRef = F38FC0A2213758ED00DC9396 /* Main.storyboard */; };
		F38FC0A6213758F100DC9396 /* Assets.xcassets in Resources */ = {isa = PBXBuildFile; fileRef = F38FC0A5213758F100DC9396 /* Assets.xcassets */; };
		F38FC0A9213758F100DC9396 /* LaunchScreen.storyboard in Resources */ = {isa = PBXBuildFile; fileRef = F38FC0A7213758F100DC9396 /* LaunchScreen.storyboard */; };
		F38FC0B12137647200DC9396 /* BookCell.swift in Sources */ = {isa = PBXBuildFile; fileRef = F38FC0B02137647200DC9396 /* BookCell.swift */; };
		F38FC0B3213890A000DC9396 /* Book.swift in Sources */ = {isa = PBXBuildFile; fileRef = F38FC0B2213890A000DC9396 /* Book.swift */; };
		F38FC0B5213892D200DC9396 /* BookPagerController.swift in Sources */ = {isa = PBXBuildFile; fileRef = F38FC0B4213892D200DC9396 /* BookPagerController.swift */; };
/* End PBXBuildFile section */

/* Begin PBXFileReference section */
		F38FC09B213758ED00DC9396 /* Kindle Clone.app */ = {isa = PBXFileReference; explicitFileType = wrapper.application; includeInIndex = 0; path = "Kindle Clone.app"; sourceTree = BUILT_PRODUCTS_DIR; };
		F38FC09E213758ED00DC9396 /* AppDelegate.swift */ = {isa = PBXFileReference; lastKnownFileType = sourcecode.swift; path = AppDelegate.swift; sourceTree = "<group>"; };
		F38FC0A0213758ED00DC9396 /* BookViewController.swift */ = {isa = PBXFileReference; lastKnownFileType = sourcecode.swift; path = BookViewController.swift; sourceTree = "<group>"; };
		F38FC0A3213758ED00DC9396 /* Base */ = {isa = PBXFileReference; lastKnownFileType = file.storyboard; name = Base; path = Base.lproj/Main.storyboard; sourceTree = "<group>"; };
		F38FC0A5213758F100DC9396 /* Assets.xcassets */ = {isa = PBXFileReference; lastKnownFileType = folder.assetcatalog; path = Assets.xcassets; sourceTree = "<group>"; };
		F38FC0A8213758F100DC9396 /* Base */ = {isa = PBXFileReference; lastKnownFileType = file.storyboard; name = Base; path = Base.lproj/LaunchScreen.storyboard; sourceTree = "<group>"; };
		F38FC0AA213758F100DC9396 /* Info.plist */ = {isa = PBXFileReference; lastKnownFileType = text.plist.xml; path = Info.plist; sourceTree = "<group>"; };
		F38FC0B02137647200DC9396 /* BookCell.swift */ = {isa = PBXFileReference; lastKnownFileType = sourcecode.swift; path = BookCell.swift; sourceTree = "<group>"; };
		F38FC0B2213890A000DC9396 /* Book.swift */ = {isa = PBXFileReference; lastKnownFileType = sourcecode.swift; path = Book.swift; sourceTree = "<group>"; };
		F38FC0B4213892D200DC9396 /* BookPagerController.swift */ = {isa = PBXFileReference; lastKnownFileType = sourcecode.swift; path = BookPagerController.swift; sourceTree = "<group>"; };
/* End PBXFileReference section */

/* Begin PBXFrameworksBuildPhase section */
		F38FC098213758ED00DC9396 /* Frameworks */ = {
			isa = PBXFrameworksBuildPhase;
			buildActionMask = 2147483647;
			files = (
			);
			runOnlyForDeploymentPostprocessing = 0;
		};
/* End PBXFrameworksBuildPhase section */

/* Begin PBXGroup section */
		F38FC092213758ED00DC9396 = {
			isa = PBXGroup;
			children = (
				F38FC09D213758ED00DC9396 /* Kindle Clone */,
				F38FC09C213758ED00DC9396 /* Products */,
			);
			sourceTree = "<group>";
		};
		F38FC09C213758ED00DC9396 /* Products */ = {
			isa = PBXGroup;
			children = (
				F38FC09B213758ED00DC9396 /* Kindle Clone.app */,
			);
			name = Products;
			sourceTree = "<group>";
		};
		F38FC09D213758ED00DC9396 /* Kindle Clone */ = {
			isa = PBXGroup;
			children = (
				F38FC09E213758ED00DC9396 /* AppDelegate.swift */,
				F38FC0B2213890A000DC9396 /* Book.swift */,
				F38FC0A0213758ED00DC9396 /* BookViewController.swift */,
				F38FC0B4213892D200DC9396 /* BookPagerController.swift */,
				F38FC0B02137647200DC9396 /* BookCell.swift */,
				F38FC0A2213758ED00DC9396 /* Main.storyboard */,
				F38FC0A5213758F100DC9396 /* Assets.xcassets */,
				F38FC0A7213758F100DC9396 /* LaunchScreen.storyboard */,
				F38FC0AA213758F100DC9396 /* Info.plist */,
			);
			path = "Kindle Clone";
			sourceTree = "<group>";
		};
/* End PBXGroup section */

/* Begin PBXNativeTarget section */
		F38FC09A213758ED00DC9396 /* Kindle Clone */ = {
			isa = PBXNativeTarget;
			buildConfigurationList = F38FC0AD213758F100DC9396 /* Build configuration list for PBXNativeTarget "Kindle Clone" */;
			buildPhases = (
				F38FC097213758ED00DC9396 /* Sources */,
				F38FC098213758ED00DC9396 /* Frameworks */,
				F38FC099213758ED00DC9396 /* Resources */,
			);
			buildRules = (
			);
			dependencies = (
			);
			name = "Kindle Clone";
			productName = "Kindle Clone";
			productReference = F38FC09B213758ED00DC9396 /* Kindle Clone.app */;
			productType = "com.apple.product-type.application";
		};
/* End PBXNativeTarget section */

/* Begin PBXProject section */
		F38FC093213758ED00DC9396 /* Project object */ = {
			isa = PBXProject;
			attributes = {
				LastSwiftUpdateCheck = 0940;
				LastUpgradeCheck = 0940;
				ORGANIZATIONNAME = "Zackary O'Connor";
				TargetAttributes = {
					F38FC09A213758ED00DC9396 = {
						CreatedOnToolsVersion = 9.4.1;
					};
				};
			};
			buildConfigurationList = F38FC096213758ED00DC9396 /* Build configuration list for PBXProject "Kindle Clone" */;
			compatibilityVersion = "Xcode 9.3";
			developmentRegion = en;
			hasScannedForEncodings = 0;
			knownRegions = (
				en,
				Base,
			);
			mainGroup = F38FC092213758ED00DC9396;
			productRefGroup = F38FC09C213758ED00DC9396 /* Products */;
			projectDirPath = "";
			projectRoot = "";
			targets = (
				F38FC09A213758ED00DC9396 /* Kindle Clone */,
			);
		};
/* End PBXProject section */

/* Begin PBXResourcesBuildPhase section */
		F38FC099213758ED00DC9396 /* Resources */ = {
			isa = PBXResourcesBuildPhase;
			buildActionMask = 2147483647;
			files = (
				F38FC0A9213758F100DC9396 /* LaunchScreen.storyboard in Resources */,
				F38FC0A6213758F100DC9396 /* Assets.xcassets in Resources */,
				F38FC0A4213758ED00DC9396 /* Main.storyboard in Resources */,
			);
			runOnlyForDeploymentPostprocessing = 0;
		};
/* End PBXResourcesBuildPhase section */

/* Begin PBXSourcesBuildPhase section */
		F38FC097213758ED00DC9396 /* Sources */ = {
			isa = PBXSourcesBuildPhase;
			buildActionMask = 2147483647;
			files = (
				F38FC0B12137647200DC9396 /* BookCell.swift in Sources */,
				F38FC0B5213892D200DC9396 /* BookPagerController.swift in Sources */,
				F38FC0A1213758ED00DC9396 /* BookViewController.swift in Sources */,
				F38FC09F213758ED00DC9396 /* AppDelegate.swift in Sources */,
				F38FC0B3213890A000DC9396 /* Book.swift in Sources */,
			);
			runOnlyForDeploymentPostprocessing = 0;
		};
/* End PBXSourcesBuildPhase section */

/* Begin PBXVariantGroup section */
		F38FC0A2213758ED00DC9396 /* Main.storyboard */ = {
			isa = PBXVariantGroup;
			children = (
				F38FC0A3213758ED00DC9396 /* Base */,
			);
			name = Main.storyboard;
			sourceTree = "<group>";
		};
		F38FC0A7213758F100DC9396 /* LaunchScreen.storyboard */ = {
			isa = PBXVariantGroup;
			children = (
				F38FC0A8213758F100DC9396 /* Base */,
			);
			name = LaunchScreen.storyboard;
			sourceTree = "<group>";
		};
/* End PBXVariantGroup section */

/* Begin XCBuildConfiguration section */
		F38FC0AB213758F100DC9396 /* Debug */ = {
			isa = XCBuildConfiguration;
			buildSettings = {
				ALWAYS_SEARCH_USER_PATHS = NO;
				CLANG_ANALYZER_NONNULL = YES;
				CLANG_ANALYZER_NUMBER_OBJECT_CONVERSION = YES_AGGRESSIVE;
				CLANG_CXX_LANGUAGE_STANDARD = "gnu++14";
				CLANG_CXX_LIBRARY = "libc++";
				CLANG_ENABLE_MODULES = YES;
				CLANG_ENABLE_OBJC_ARC = YES;
				CLANG_ENABLE_OBJC_WEAK = YES;
				CLANG_WARN_BLOCK_CAPTURE_AUTORELEASING = YES;
				CLANG_WARN_BOOL_CONVERSION = YES;
				CLANG_WARN_COMMA = YES;
				CLANG_WARN_CONSTANT_CONVERSION = YES;
				CLANG_WARN_DEPRECATED_OBJC_IMPLEMENTATIONS = YES;
				CLANG_WARN_DIRECT_OBJC_ISA_USAGE = YES_ERROR;
				CLANG_WARN_DOCUMENTATION_COMMENTS = YES;
				CLANG_WARN_EMPTY_BODY = YES;
				CLANG_WARN_ENUM_CONVERSION = YES;
				CLANG_WARN_INFINITE_RECURSION = YES;
				CLANG_WARN_INT_CONVERSION = YES;
				CLANG_WARN_NON_LITERAL_NULL_CONVERSION = YES;
				CLANG_WARN_OBJC_IMPLICIT_RETAIN_SELF = YES;
				CLANG_WARN_OBJC_LITERAL_CONVERSION = YES;
				CLANG_WARN_OBJC_ROOT_CLASS = YES_ERROR;
				CLANG_WARN_RANGE_LOOP_ANALYSIS = YES;
				CLANG_WARN_STRICT_PROTOTYPES = YES;
				CLANG_WARN_SUSPICIOUS_MOVE = YES;
				CLANG_WARN_UNGUARDED_AVAILABILITY = YES_AGGRESSIVE;
				CLANG_WARN_UNREACHABLE_CODE = YES;
				CLANG_WARN__DUPLICATE_METHOD_MATCH = YES;
				CODE_SIGN_IDENTITY = "iPhone Developer";
				COPY_PHASE_STRIP = NO;
				DEBUG_INFORMATION_FORMAT = dwarf;
				ENABLE_STRICT_OBJC_MSGSEND = YES;
				ENABLE_TESTABILITY = YES;
				GCC_C_LANGUAGE_STANDARD = gnu11;
				GCC_DYNAMIC_NO_PIC = NO;
				GCC_NO_COMMON_BLOCKS = YES;
				GCC_OPTIMIZATION_LEVEL = 0;
				GCC_PREPROCESSOR_DEFINITIONS = (
					"DEBUG=1",
					"$(inherited)",
				);
				GCC_WARN_64_TO_32_BIT_CONVERSION = YES;
				GCC_WARN_ABOUT_RETURN_TYPE = YES_ERROR;
				GCC_WARN_UNDECLARED_SELECTOR = YES;
				GCC_WARN_UNINITIALIZED_AUTOS = YES_AGGRESSIVE;
				GCC_WARN_UNUSED_FUNCTION = YES;
				GCC_WARN_UNUSED_VARIABLE = YES;
				IPHONEOS_DEPLOYMENT_TARGET = 11.4;
				MTL_ENABLE_DEBUG_INFO = YES;
				ONLY_ACTIVE_ARCH = YES;
				SDKROOT = iphoneos;
				SWIFT_ACTIVE_COMPILATION_CONDITIONS = DEBUG;
				SWIFT_OPTIMIZATION_LEVEL = "-Onone";
			};
			name = Debug;
		};
		F38FC0AC213758F100DC9396 /* Release */ = {
			isa = XCBuildConfiguration;
			buildSettings = {
				ALWAYS_SEARCH_USER_PATHS = NO;
				CLANG_ANALYZER_NONNULL = YES;
				CLANG_ANALYZER_NUMBER_OBJECT_CONVERSION = YES_AGGRESSIVE;
				CLANG_CXX_LANGUAGE_STANDARD = "gnu++14";
				CLANG_CXX_LIBRARY = "libc++";
				CLANG_ENABLE_MODULES = YES;
				CLANG_ENABLE_OBJC_ARC = YES;
				CLANG_ENABLE_OBJC_WEAK = YES;
				CLANG_WARN_BLOCK_CAPTURE_AUTORELEASING = YES;
				CLANG_WARN_BOOL_CONVERSION = YES;
				CLANG_WARN_COMMA = YES;
				CLANG_WARN_CONSTANT_CONVERSION = YES;
				CLANG_WARN_DEPRECATED_OBJC_IMPLEMENTATIONS = YES;
				CLANG_WARN_DIRECT_OBJC_ISA_USAGE = YES_ERROR;
				CLANG_WARN_DOCUMENTATION_COMMENTS = YES;
				CLANG_WARN_EMPTY_BODY = YES;
				CLANG_WARN_ENUM_CONVERSION = YES;
				CLANG_WARN_INFINITE_RECURSION = YES;
				CLANG_WARN_INT_CONVERSION = YES;
				CLANG_WARN_NON_LITERAL_NULL_CONVERSION = YES;
				CLANG_WARN_OBJC_IMPLICIT_RETAIN_SELF = YES;
				CLANG_WARN_OBJC_LITERAL_CONVERSION = YES;
				CLANG_WARN_OBJC_ROOT_CLASS = YES_ERROR;
				CLANG_WARN_RANGE_LOOP_ANALYSIS = YES;
				CLANG_WARN_STRICT_PROTOTYPES = YES;
				CLANG_WARN_SUSPICIOUS_MOVE = YES;
				CLANG_WARN_UNGUARDED_AVAILABILITY = YES_AGGRESSIVE;
				CLANG_WARN_UNREACHABLE_CODE = YES;
				CLANG_WARN__DUPLICATE_METHOD_MATCH = YES;
				CODE_SIGN_IDENTITY = "iPhone Developer";
				COPY_PHASE_STRIP = NO;
				DEBUG_INFORMATION_FORMAT = "dwarf-with-dsym";
				ENABLE_NS_ASSERTIONS = NO;
				ENABLE_STRICT_OBJC_MSGSEND = YES;
				GCC_C_LANGUAGE_STANDARD = gnu11;
				GCC_NO_COMMON_BLOCKS = YES;
				GCC_WARN_64_TO_32_BIT_CONVERSION = YES;
				GCC_WARN_ABOUT_RETURN_TYPE = YES_ERROR;
				GCC_WARN_UNDECLARED_SELECTOR = YES;
				GCC_WARN_UNINITIALIZED_AUTOS = YES_AGGRESSIVE;
				GCC_WARN_UNUSED_FUNCTION = YES;
				GCC_WARN_UNUSED_VARIABLE = YES;
				IPHONEOS_DEPLOYMENT_TARGET = 11.4;
				MTL_ENABLE_DEBUG_INFO = NO;
				SDKROOT = iphoneos;
				SWIFT_COMPILATION_MODE = wholemodule;
				SWIFT_OPTIMIZATION_LEVEL = "-O";
				VALIDATE_PRODUCT = YES;
			};
			name = Release;
		};
		F38FC0AE213758F100DC9396 /* Debug */ = {
			isa = XCBuildConfiguration;
			buildSettings = {
				ASSETCATALOG_COMPILER_APPICON_NAME = AppIcon;
				CODE_SIGN_STYLE = Automatic;
				DEVELOPMENT_TEAM = ZZE62SD4Y5;
				INFOPLIST_FILE = "Kindle Clone/Info.plist";
				LD_RUNPATH_SEARCH_PATHS = (
					"$(inherited)",
					"@executable_path/Frameworks",
				);
				PRODUCT_BUNDLE_IDENTIFIER = "com.zackaryoconnor.Kindle-Clone";
				PRODUCT_NAME = "$(TARGET_NAME)";
				SWIFT_VERSION = 4.0;
				TARGETED_DEVICE_FAMILY = "1,2";
			};
			name = Debug;
		};
		F38FC0AF213758F100DC9396 /* Release */ = {
			isa = XCBuildConfiguration;
			buildSettings = {
				ASSETCATALOG_COMPILER_APPICON_NAME = AppIcon;
				CODE_SIGN_STYLE = Automatic;
				DEVELOPMENT_TEAM = ZZE62SD4Y5;
				INFOPLIST_FILE = "Kindle Clone/Info.plist";
				LD_RUNPATH_SEARCH_PATHS = (
					"$(inherited)",
					"@executable_path/Frameworks",
				);
				PRODUCT_BUNDLE_IDENTIFIER = "com.zackaryoconnor.Kindle-Clone";
				PRODUCT_NAME = "$(TARGET_NAME)";
				SWIFT_VERSION = 4.0;
				TARGETED_DEVICE_FAMILY = "1,2";
			};
			name = Release;
		};
/* End XCBuildConfiguration section */

/* Begin XCConfigurationList section */
		F38FC096213758ED00DC9396 /* Build configuration list for PBXProject "Kindle Clone" */ = {
			isa = XCConfigurationList;
			buildConfigurations = (
				F38FC0AB213758F100DC9396 /* Debug */,
				F38FC0AC213758F100DC9396 /* Release */,
			);
			defaultConfigurationIsVisible = 0;
			defaultConfigurationName = Release;
		};
		F38FC0AD213758F100DC9396 /* Build configuration list for PBXNativeTarget "Kindle Clone" */ = {
			isa = XCConfigurationList;
			buildConfigurations = (
				F38FC0AE213758F100DC9396 /* Debug */,
				F38FC0AF213758F100DC9396 /* Release */,
			);
			defaultConfigurationIsVisible = 0;
			defaultConfigurationName = Release;
		};
/* End XCConfigurationList section */
	};
	rootObject = F38FC093213758ED00DC9396 /* Project object */;
}
